
Microsoft Visual Studio Solution File, Format Version 12.00
# Visual Studio Version 17
VisualStudioVersion = 17.12.35521.163
MinimumVisualStudioVersion = 10.0.40219.1
Project("{FAE04EC0-301F-11D3-BF4B-00C04F79EFBC}") = "API", "API.csproj", "{7839F04F-9973-44F7-A8F6-55131B265A25}"
EndProject
Project("{FAE04EC0-301F-11D3-BF4B-00C04F79EFBC}") = "API.Contracts", "..\API.Contracts\API.Contracts.csproj", "{F79ECD83-B011-49CA-AABB-DE21495281A1}"
EndProject
Project("{FAE04EC0-301F-11D3-BF4B-00C04F79EFBC}") = "API.Data", "..\API.Data\API.Data.csproj", "{4337E10B-F2EB-4244-9393-83848D6D2D3D}"
EndProject
Global
	GlobalSection(SolutionConfigurationPlatforms) = preSolution
		Debug|Any CPU = Debug|Any CPU
		Release|Any CPU = Release|Any CPU
	EndGlobalSection
	GlobalSection(ProjectConfigurationPlatforms) = postSolution
		{7839F04F-9973-44F7-A8F6-55131B265A25}.Debug|Any CPU.ActiveCfg = Debug|Any CPU
		{7839F04F-9973-44F7-A8F6-55131B265A25}.Debug|Any CPU.Build.0 = Debug|Any CPU
		{7839F04F-9973-44F7-A8F6-55131B265A25}.Release|Any CPU.ActiveCfg = Release|Any CPU
		{7839F04F-9973-44F7-A8F6-55131B265A25}.Release|Any CPU.Build.0 = Release|Any CPU
		{F79ECD83-B011-49CA-AABB-DE21495281A1}.Debug|Any CPU.ActiveCfg = Debug|Any CPU
		{F79ECD83-B011-49CA-AABB-DE21495281A1}.Debug|Any CPU.Build.0 = Debug|Any CPU
		{F79ECD83-B011-49CA-AABB-DE21495281A1}.Release|Any CPU.ActiveCfg = Release|Any CPU
		{F79ECD83-B011-49CA-AABB-DE21495281A1}.Release|Any CPU.Build.0 = Release|Any CPU
		{4337E10B-F2EB-4244-9393-83848D6D2D3D}.Debug|Any CPU.ActiveCfg = Debug|Any CPU
		{4337E10B-F2EB-4244-9393-83848D6D2D3D}.Debug|Any CPU.Build.0 = Debug|Any CPU
		{4337E10B-F2EB-4244-9393-83848D6D2D3D}.Release|Any CPU.ActiveCfg = Release|Any CPU
		{4337E10B-F2EB-4244-9393-83848D6D2D3D}.Release|Any CPU.Build.0 = Release|Any CPU
	EndGlobalSection
	GlobalSection(SolutionProperties) = preSolution
		HideSolutionNode = FALSE
	EndGlobalSection
EndGlobal
